// !$*UTF8*$!
{
	archiveVersion = 1;
	classes = {
	};
	objectVersion = 55;
	objects = {

/* Begin PBXBuildFile section */
		924577E226FDDDEE000521ED /* dogecoinApp.swift in Sources */ = {isa = PBXBuildFile; fileRef = 924577E126FDDDEE000521ED /* dogecoinApp.swift */; };
		924577E426FDDDEE000521ED /* HomeView.swift in Sources */ = {isa = PBXBuildFile; fileRef = 924577E326FDDDEE000521ED /* HomeView.swift */; };
		924577E626FDDDEF000521ED /* Assets.xcassets in Resources */ = {isa = PBXBuildFile; fileRef = 924577E526FDDDEF000521ED /* Assets.xcassets */; };
		924577E926FDDDEF000521ED /* Preview Assets.xcassets in Resources */ = {isa = PBXBuildFile; fileRef = 924577E826FDDDEF000521ED /* Preview Assets.xcassets */; };
		924577F526FDDFB1000521ED /* NetworkingManager.swift in Sources */ = {isa = PBXBuildFile; fileRef = 924577F426FDDFB1000521ED /* NetworkingManager.swift */; };
		924577F726FDE218000521ED /* DownloadService.swift in Sources */ = {isa = PBXBuildFile; fileRef = 924577F626FDE218000521ED /* DownloadService.swift */; };
		924577F926FDE288000521ED /* Post.swift in Sources */ = {isa = PBXBuildFile; fileRef = 924577F826FDE288000521ED /* Post.swift */; };
/* End PBXBuildFile section */

/* Begin PBXFileReference section */
		924577DE26FDDDEE000521ED /* dogecoin.app */ = {isa = PBXFileReference; explicitFileType = wrapper.application; includeInIndex = 0; path = dogecoin.app; sourceTree = BUILT_PRODUCTS_DIR; };
		924577E126FDDDEE000521ED /* dogecoinApp.swift */ = {isa = PBXFileReference; lastKnownFileType = sourcecode.swift; path = dogecoinApp.swift; sourceTree = "<group>"; };
		924577E326FDDDEE000521ED /* HomeView.swift */ = {isa = PBXFileReference; lastKnownFileType = sourcecode.swift; path = HomeView.swift; sourceTree = "<group>"; };
		924577E526FDDDEF000521ED /* Assets.xcassets */ = {isa = PBXFileReference; lastKnownFileType = folder.assetcatalog; path = Assets.xcassets; sourceTree = "<group>"; };
		924577E826FDDDEF000521ED /* Preview Assets.xcassets */ = {isa = PBXFileReference; lastKnownFileType = folder.assetcatalog; path = "Preview Assets.xcassets"; sourceTree = "<group>"; };
		924577F426FDDFB1000521ED /* NetworkingManager.swift */ = {isa = PBXFileReference; lastKnownFileType = sourcecode.swift; path = NetworkingManager.swift; sourceTree = "<group>"; };
		924577F626FDE218000521ED /* DownloadService.swift */ = {isa = PBXFileReference; lastKnownFileType = sourcecode.swift; path = DownloadService.swift; sourceTree = "<group>"; };
		924577F826FDE288000521ED /* Post.swift */ = {isa = PBXFileReference; lastKnownFileType = sourcecode.swift; path = Post.swift; sourceTree = "<group>"; };
/* End PBXFileReference section */

/* Begin PBXFrameworksBuildPhase section */
		924577DB26FDDDEE000521ED /* Frameworks */ = {
			isa = PBXFrameworksBuildPhase;
			buildActionMask = 2147483647;
			files = (
			);
			runOnlyForDeploymentPostprocessing = 0;
		};
/* End PBXFrameworksBuildPhase section */

/* Begin PBXGroup section */
		924577D526FDDDEE000521ED = {
			isa = PBXGroup;
			children = (
				924577E026FDDDEE000521ED /* dogecoin */,
				924577DF26FDDDEE000521ED /* Products */,
			);
			sourceTree = "<group>";
		};
		924577DF26FDDDEE000521ED /* Products */ = {
			isa = PBXGroup;
			children = (
				924577DE26FDDDEE000521ED /* dogecoin.app */,
			);
			name = Products;
			sourceTree = "<group>";
		};
		924577E026FDDDEE000521ED /* dogecoin */ = {
			isa = PBXGroup;
			children = (
				924577F326FDDF9C000521ED /* Utilities */,
				924577F226FDDF2A000521ED /* Services */,
				924577F126FDDF22000521ED /* Models */,
				924577F026FDDF1C000521ED /* ViewModels */,
				924577EF26FDDEE2000521ED /* Views */,
				924577E126FDDDEE000521ED /* dogecoinApp.swift */,
				924577E526FDDDEF000521ED /* Assets.xcassets */,
				924577E726FDDDEF000521ED /* Preview Content */,
			);
			path = dogecoin;
			sourceTree = "<group>";
		};
		924577E726FDDDEF000521ED /* Preview Content */ = {
			isa = PBXGroup;
			children = (
				924577E826FDDDEF000521ED /* Preview Assets.xcassets */,
			);
			path = "Preview Content";
			sourceTree = "<group>";
		};
		924577EF26FDDEE2000521ED /* Views */ = {
			isa = PBXGroup;
			children = (
				924577E326FDDDEE000521ED /* HomeView.swift */,
			);
			path = Views;
			sourceTree = "<group>";
		};
		924577F026FDDF1C000521ED /* ViewModels */ = {
			isa = PBXGroup;
			children = (
			);
			path = ViewModels;
			sourceTree = "<group>";
		};
		924577F126FDDF22000521ED /* Models */ = {
			isa = PBXGroup;
			children = (
				924577F826FDE288000521ED /* Post.swift */,
			);
			path = Models;
			sourceTree = "<group>";
		};
		924577F226FDDF2A000521ED /* Services */ = {
			isa = PBXGroup;
			children = (
				924577F626FDE218000521ED /* DownloadService.swift */,
			);
			path = Services;
			sourceTree = "<group>";
		};
		924577F326FDDF9C000521ED /* Utilities */ = {
			isa = PBXGroup;
			children = (
				924577F426FDDFB1000521ED /* NetworkingManager.swift */,
			);
			path = Utilities;
			sourceTree = "<group>";
		};
/* End PBXGroup section */

/* Begin PBXNativeTarget section */
		924577DD26FDDDEE000521ED /* dogecoin */ = {
			isa = PBXNativeTarget;
			buildConfigurationList = 924577EC26FDDDEF000521ED /* Build configuration list for PBXNativeTarget "dogecoin" */;
			buildPhases = (
				924577DA26FDDDEE000521ED /* Sources */,
				924577DB26FDDDEE000521ED /* Frameworks */,
				924577DC26FDDDEE000521ED /* Resources */,
			);
			buildRules = (
			);
			dependencies = (
			);
			name = dogecoin;
			productName = dogecoin;
			productReference = 924577DE26FDDDEE000521ED /* dogecoin.app */;
			productType = "com.apple.product-type.application";
		};
/* End PBXNativeTarget section */

/* Begin PBXProject section */
		924577D626FDDDEE000521ED /* Project object */ = {
			isa = PBXProject;
			attributes = {
				BuildIndependentTargetsInParallel = 1;
				LastSwiftUpdateCheck = 1300;
				LastUpgradeCheck = 1300;
				TargetAttributes = {
					924577DD26FDDDEE000521ED = {
						CreatedOnToolsVersion = 13.0;
					};
				};
			};
			buildConfigurationList = 924577D926FDDDEE000521ED /* Build configuration list for PBXProject "dogecoin" */;
			compatibilityVersion = "Xcode 13.0";
			developmentRegion = en;
			hasScannedForEncodings = 0;
			knownRegions = (
				en,
				Base,
			);
			mainGroup = 924577D526FDDDEE000521ED;
			productRefGroup = 924577DF26FDDDEE000521ED /* Products */;
			projectDirPath = "";
			projectRoot = "";
			targets = (
				924577DD26FDDDEE000521ED /* dogecoin */,
			);
		};
/* End PBXProject section */

/* Begin PBXResourcesBuildPhase section */
		924577DC26FDDDEE000521ED /* Resources */ = {
			isa = PBXResourcesBuildPhase;
			buildActionMask = 2147483647;
			files = (
				924577E926FDDDEF000521ED /* Preview Assets.xcassets in Resources */,
				924577E626FDDDEF000521ED /* Assets.xcassets in Resources */,
			);
			runOnlyForDeploymentPostprocessing = 0;
		};
/* End PBXResourcesBuildPhase section */

/* Begin PBXSourcesBuildPhase section */
		924577DA26FDDDEE000521ED /* Sources */ = {
			isa = PBXSourcesBuildPhase;
			buildActionMask = 2147483647;
			files = (
				924577F526FDDFB1000521ED /* NetworkingManager.swift in Sources */,
				924577F726FDE218000521ED /* DownloadService.swift in Sources */,
				924577E426FDDDEE000521ED /* HomeView.swift in Sources */,
				924577E226FDDDEE000521ED /* dogecoinApp.swift in Sources */,
				924577F926FDE288000521ED /* Post.swift in Sources */,
			);
			runOnlyForDeploymentPostprocessing = 0;
		};
/* End PBXSourcesBuildPhase section */

/* Begin XCBuildConfiguration section */
		924577EA26FDDDEF000521ED /* Debug */ = {
			isa = XCBuildConfiguration;
			buildSettings = {
				ALWAYS_SEARCH_USER_PATHS = NO;
				CLANG_ANALYZER_NONNULL = YES;
				CLANG_ANALYZER_NUMBER_OBJECT_CONVERSION = YES_AGGRESSIVE;
				CLANG_CXX_LANGUAGE_STANDARD = "gnu++17";
				CLANG_CXX_LIBRARY = "libc++";
				CLANG_ENABLE_MODULES = YES;
				CLANG_ENABLE_OBJC_ARC = YES;
				CLANG_ENABLE_OBJC_WEAK = YES;
				CLANG_WARN_BLOCK_CAPTURE_AUTORELEASING = YES;
				CLANG_WARN_BOOL_CONVERSION = YES;
				CLANG_WARN_COMMA = YES;
				CLANG_WARN_CONSTANT_CONVERSION = YES;
				CLANG_WARN_DEPRECATED_OBJC_IMPLEMENTATIONS = YES;
				CLANG_WARN_DIRECT_OBJC_ISA_USAGE = YES_ERROR;
				CLANG_WARN_DOCUMENTATION_COMMENTS = YES;
				CLANG_WARN_EMPTY_BODY = YES;
				CLANG_WARN_ENUM_CONVERSION = YES;
				CLANG_WARN_INFINITE_RECURSION = YES;
				CLANG_WARN_INT_CONVERSION = YES;
				CLANG_WARN_NON_LITERAL_NULL_CONVERSION = YES;
				CLANG_WARN_OBJC_IMPLICIT_RETAIN_SELF = YES;
				CLANG_WARN_OBJC_LITERAL_CONVERSION = YES;
				CLANG_WARN_OBJC_ROOT_CLASS = YES_ERROR;
				CLANG_WARN_QUOTED_INCLUDE_IN_FRAMEWORK_HEADER = YES;
				CLANG_WARN_RANGE_LOOP_ANALYSIS = YES;
				CLANG_WARN_STRICT_PROTOTYPES = YES;
				CLANG_WARN_SUSPICIOUS_MOVE = YES;
				CLANG_WARN_UNGUARDED_AVAILABILITY = YES_AGGRESSIVE;
				CLANG_WARN_UNREACHABLE_CODE = YES;
				CLANG_WARN__DUPLICATE_METHOD_MATCH = YES;
				COPY_PHASE_STRIP = NO;
				DEBUG_INFORMATION_FORMAT = dwarf;
				ENABLE_STRICT_OBJC_MSGSEND = YES;
				ENABLE_TESTABILITY = YES;
				GCC_C_LANGUAGE_STANDARD = gnu11;
				GCC_DYNAMIC_NO_PIC = NO;
				GCC_NO_COMMON_BLOCKS = YES;
				GCC_OPTIMIZATION_LEVEL = 0;
				GCC_PREPROCESSOR_DEFINITIONS = (
					"DEBUG=1",
					"$(inherited)",
				);
				GCC_WARN_64_TO_32_BIT_CONVERSION = YES;
				GCC_WARN_ABOUT_RETURN_TYPE = YES_ERROR;
				GCC_WARN_UNDECLARED_SELECTOR = YES;
				GCC_WARN_UNINITIALIZED_AUTOS = YES_AGGRESSIVE;
				GCC_WARN_UNUSED_FUNCTION = YES;
				GCC_WARN_UNUSED_VARIABLE = YES;
				IPHONEOS_DEPLOYMENT_TARGET = 15.0;
				MTL_ENABLE_DEBUG_INFO = INCLUDE_SOURCE;
				MTL_FAST_MATH = YES;
				ONLY_ACTIVE_ARCH = YES;
				SDKROOT = iphoneos;
				SWIFT_ACTIVE_COMPILATION_CONDITIONS = DEBUG;
				SWIFT_OPTIMIZATION_LEVEL = "-Onone";
			};
			name = Debug;
		};
		924577EB26FDDDEF000521ED /* Release */ = {
			isa = XCBuildConfiguration;
			buildSettings = {
				ALWAYS_SEARCH_USER_PATHS = NO;
				CLANG_ANALYZER_NONNULL = YES;
				CLANG_ANALYZER_NUMBER_OBJECT_CONVERSION = YES_AGGRESSIVE;
				CLANG_CXX_LANGUAGE_STANDARD = "gnu++17";
				CLANG_CXX_LIBRARY = "libc++";
				CLANG_ENABLE_MODULES = YES;
				CLANG_ENABLE_OBJC_ARC = YES;
				CLANG_ENABLE_OBJC_WEAK = YES;
				CLANG_WARN_BLOCK_CAPTURE_AUTORELEASING = YES;
				CLANG_WARN_BOOL_CONVERSION = YES;
				CLANG_WARN_COMMA = YES;
				CLANG_WARN_CONSTANT_CONVERSION = YES;
				CLANG_WARN_DEPRECATED_OBJC_IMPLEMENTATIONS = YES;
				CLANG_WARN_DIRECT_OBJC_ISA_USAGE = YES_ERROR;
				CLANG_WARN_DOCUMENTATION_COMMENTS = YES;
				CLANG_WARN_EMPTY_BODY = YES;
				CLANG_WARN_ENUM_CONVERSION = YES;
				CLANG_WARN_INFINITE_RECURSION = YES;
				CLANG_WARN_INT_CONVERSION = YES;
				CLANG_WARN_NON_LITERAL_NULL_CONVERSION = YES;
				CLANG_WARN_OBJC_IMPLICIT_RETAIN_SELF = YES;
				CLANG_WARN_OBJC_LITERAL_CONVERSION = YES;
				CLANG_WARN_OBJC_ROOT_CLASS = YES_ERROR;
				CLANG_WARN_QUOTED_INCLUDE_IN_FRAMEWORK_HEADER = YES;
				CLANG_WARN_RANGE_LOOP_ANALYSIS = YES;
				CLANG_WARN_STRICT_PROTOTYPES = YES;
				CLANG_WARN_SUSPICIOUS_MOVE = YES;
				CLANG_WARN_UNGUARDED_AVAILABILITY = YES_AGGRESSIVE;
				CLANG_WARN_UNREACHABLE_CODE = YES;
				CLANG_WARN__DUPLICATE_METHOD_MATCH = YES;
				COPY_PHASE_STRIP = NO;
				DEBUG_INFORMATION_FORMAT = "dwarf-with-dsym";
				ENABLE_NS_ASSERTIONS = NO;
				ENABLE_STRICT_OBJC_MSGSEND = YES;
				GCC_C_LANGUAGE_STANDARD = gnu11;
				GCC_NO_COMMON_BLOCKS = YES;
				GCC_WARN_64_TO_32_BIT_CONVERSION = YES;
				GCC_WARN_ABOUT_RETURN_TYPE = YES_ERROR;
				GCC_WARN_UNDECLARED_SELECTOR = YES;
				GCC_WARN_UNINITIALIZED_AUTOS = YES_AGGRESSIVE;
				GCC_WARN_UNUSED_FUNCTION = YES;
				GCC_WARN_UNUSED_VARIABLE = YES;
				IPHONEOS_DEPLOYMENT_TARGET = 15.0;
				MTL_ENABLE_DEBUG_INFO = NO;
				MTL_FAST_MATH = YES;
				SDKROOT = iphoneos;
				SWIFT_COMPILATION_MODE = wholemodule;
				SWIFT_OPTIMIZATION_LEVEL = "-O";
				VALIDATE_PRODUCT = YES;
			};
			name = Release;
		};
		924577ED26FDDDEF000521ED /* Debug */ = {
			isa = XCBuildConfiguration;
			buildSettings = {
				ASSETCATALOG_COMPILER_APPICON_NAME = AppIcon;
				ASSETCATALOG_COMPILER_GLOBAL_ACCENT_COLOR_NAME = AccentColor;
				CODE_SIGN_STYLE = Automatic;
				CURRENT_PROJECT_VERSION = 1;
				DEVELOPMENT_ASSET_PATHS = "\"dogecoin/Preview Content\"";
				DEVELOPMENT_TEAM = 4L5RUZP98U;
				ENABLE_PREVIEWS = YES;
				GENERATE_INFOPLIST_FILE = YES;
				INFOPLIST_KEY_UIApplicationSceneManifest_Generation = YES;
				INFOPLIST_KEY_UIApplicationSupportsIndirectInputEvents = YES;
				INFOPLIST_KEY_UILaunchScreen_Generation = YES;
				INFOPLIST_KEY_UISupportedInterfaceOrientations = UIInterfaceOrientationPortrait;
				INFOPLIST_KEY_UISupportedInterfaceOrientations_iPad = "UIInterfaceOrientationPortrait UIInterfaceOrientationPortraitUpsideDown UIInterfaceOrientationLandscapeLeft UIInterfaceOrientationLandscapeRight";
				INFOPLIST_KEY_UISupportedInterfaceOrientations_iPhone = "UIInterfaceOrientationPortrait UIInterfaceOrientationLandscapeLeft UIInterfaceOrientationLandscapeRight";
				IPHONEOS_DEPLOYMENT_TARGET = 14.0;
				LD_RUNPATH_SEARCH_PATHS = (
					"$(inherited)",
					"@executable_path/Frameworks",
				);
				MARKETING_VERSION = 1.0;
				PRODUCT_BUNDLE_IDENTIFIER = com.zechariahsingh.dogecoin;
				PRODUCT_NAME = "$(TARGET_NAME)";
				SWIFT_EMIT_LOC_STRINGS = YES;
				SWIFT_VERSION = 5.0;
				TARGETED_DEVICE_FAMILY = 1;
			};
			name = Debug;
		};
		924577EE26FDDDEF000521ED /* Release */ = {
			isa = XCBuildConfiguration;
			buildSettings = {
				ASSETCATALOG_COMPILER_APPICON_NAME = AppIcon;
				ASSETCATALOG_COMPILER_GLOBAL_ACCENT_COLOR_NAME = AccentColor;
				CODE_SIGN_STYLE = Automatic;
				CURRENT_PROJECT_VERSION = 1;
				DEVELOPMENT_ASSET_PATHS = "\"dogecoin/Preview Content\"";
				DEVELOPMENT_TEAM = 4L5RUZP98U;
				ENABLE_PREVIEWS = YES;
				GENERATE_INFOPLIST_FILE = YES;
				INFOPLIST_KEY_UIApplicationSceneManifest_Generation = YES;
				INFOPLIST_KEY_UIApplicationSupportsIndirectInputEvents = YES;
				INFOPLIST_KEY_UILaunchScreen_Generation = YES;
				INFOPLIST_KEY_UISupportedInterfaceOrientations = UIInterfaceOrientationPortrait;
				INFOPLIST_KEY_UISupportedInterfaceOrientations_iPad = "UIInterfaceOrientationPortrait UIInterfaceOrientationPortraitUpsideDown UIInterfaceOrientationLandscapeLeft UIInterfaceOrientationLandscapeRight";
				INFOPLIST_KEY_UISupportedInterfaceOrientations_iPhone = "UIInterfaceOrientationPortrait UIInterfaceOrientationLandscapeLeft UIInterfaceOrientationLandscapeRight";
				IPHONEOS_DEPLOYMENT_TARGET = 14.0;
				LD_RUNPATH_SEARCH_PATHS = (
					"$(inherited)",
					"@executable_path/Frameworks",
				);
				MARKETING_VERSION = 1.0;
				PRODUCT_BUNDLE_IDENTIFIER = com.zechariahsingh.dogecoin;
				PRODUCT_NAME = "$(TARGET_NAME)";
				SWIFT_EMIT_LOC_STRINGS = YES;
				SWIFT_VERSION = 5.0;
				TARGETED_DEVICE_FAMILY = 1;
			};
			name = Release;
		};
/* End XCBuildConfiguration section */

/* Begin XCConfigurationList section */
		924577D926FDDDEE000521ED /* Build configuration list for PBXProject "dogecoin" */ = {
			isa = XCConfigurationList;
			buildConfigurations = (
				924577EA26FDDDEF000521ED /* Debug */,
				924577EB26FDDDEF000521ED /* Release */,
			);
			defaultConfigurationIsVisible = 0;
			defaultConfigurationName = Release;
		};
		924577EC26FDDDEF000521ED /* Build configuration list for PBXNativeTarget "dogecoin" */ = {
			isa = XCConfigurationList;
			buildConfigurations = (
				924577ED26FDDDEF000521ED /* Debug */,
				924577EE26FDDDEF000521ED /* Release */,
			);
			defaultConfigurationIsVisible = 0;
			defaultConfigurationName = Release;
		};
/* End XCConfigurationList section */
	};
	rootObject = 924577D626FDDDEE000521ED /* Project object */;
}
